
Microsoft Visual Studio Solution File, Format Version 12.00
# Visual Studio Version 17
VisualStudioVersion = 17.7.34031.279
MinimumVisualStudioVersion = 10.0.40219.1
Project("{FAE04EC0-301F-11D3-BF4B-00C04F79EFBC}") = "ParityChecker", "ParityChecker\ParityChecker.csproj", "{816937E7-BB2B-4B7A-B0D6-9A337C5E6F6E}"
EndProject
Global
	GlobalSection(SolutionConfigurationPlatforms) = preSolution
		Debug|Any CPU = Debug|Any CPU
		Release|Any CPU = Release|Any CPU
	EndGlobalSection
	GlobalSection(ProjectConfigurationPlatforms) = postSolution
		{816937E7-BB2B-4B7A-B0D6-9A337C5E6F6E}.Debug|Any CPU.ActiveCfg = Debug|Any CPU
		{816937E7-BB2B-4B7A-B0D6-9A337C5E6F6E}.Debug|Any CPU.Build.0 = Debug|Any CPU
		{816937E7-BB2B-4B7A-B0D6-9A337C5E6F6E}.Release|Any CPU.ActiveCfg = Release|Any CPU
		{816937E7-BB2B-4B7A-B0D6-9A337C5E6F6E}.Release|Any CPU.Build.0 = Release|Any CPU
	EndGlobalSection
	GlobalSection(SolutionProperties) = preSolution
		HideSolutionNode = FALSE
	EndGlobalSection
	GlobalSection(ExtensibilityGlobals) = postSolution
		SolutionGuid = {B8BB173A-9690-4A4A-ABE6-86BBB60D9EDD}
	EndGlobalSection
EndGlobal
